
Microsoft Visual Studio Solution File, Format Version 12.00
# Visual Studio 2013
VisualStudioVersion = 12.0.31101.0
MinimumVisualStudioVersion = 10.0.40219.1
Project("{FAE04EC0-301F-11D3-BF4B-00C04F79EFBC}") = "sharpagentcli", "sharpagentcli\sharpagentcli.csproj", "{9A9E7758-B3F2-466B-B996-63F8D085C43D}"
EndProject
Project("{FAE04EC0-301F-11D3-BF4B-00C04F79EFBC}") = "sharpagent", "sharpagent\sharpagent.csproj", "{FF13002D-1F8A-431D-82D0-456DA6CFFC03}"
EndProject
Global
	GlobalSection(SolutionConfigurationPlatforms) = preSolution
		Debug|Any CPU = Debug|Any CPU
		Release|Any CPU = Release|Any CPU
	EndGlobalSection
	GlobalSection(ProjectConfigurationPlatforms) = postSolution
		{9A9E7758-B3F2-466B-B996-63F8D085C43D}.Debug|Any CPU.ActiveCfg = Debug|Any CPU
		{9A9E7758-B3F2-466B-B996-63F8D085C43D}.Debug|Any CPU.Build.0 = Debug|Any CPU
		{9A9E7758-B3F2-466B-B996-63F8D085C43D}.Release|Any CPU.ActiveCfg = Release|Any CPU
		{9A9E7758-B3F2-466B-B996-63F8D085C43D}.Release|Any CPU.Build.0 = Release|Any CPU
		{FF13002D-1F8A-431D-82D0-456DA6CFFC03}.Debug|Any CPU.ActiveCfg = Debug|Any CPU
		{FF13002D-1F8A-431D-82D0-456DA6CFFC03}.Debug|Any CPU.Build.0 = Debug|Any CPU
		{FF13002D-1F8A-431D-82D0-456DA6CFFC03}.Release|Any CPU.ActiveCfg = Release|Any CPU
		{FF13002D-1F8A-431D-82D0-456DA6CFFC03}.Release|Any CPU.Build.0 = Release|Any CPU
	EndGlobalSection
	GlobalSection(SolutionProperties) = preSolution
		HideSolutionNode = FALSE
	EndGlobalSection
EndGlobal
